
Microsoft Visual Studio Solution File, Format Version 12.00
# Visual Studio 15
VisualStudioVersion = 15.0.28307.489
MinimumVisualStudioVersion = 10.0.40219.1
Project("{FAE04EC0-301F-11D3-BF4B-00C04F79EFBC}") = "Laborator3", "Laborator3\Laborator3.csproj", "{39DAF9DD-0027-43C2-8ADA-32F0895F7ECF}"
EndProject
Global
	GlobalSection(SolutionConfigurationPlatforms) = preSolution
		Debug|Any CPU = Debug|Any CPU
		Release|Any CPU = Release|Any CPU
	EndGlobalSection
	GlobalSection(ProjectConfigurationPlatforms) = postSolution
		{39DAF9DD-0027-43C2-8ADA-32F0895F7ECF}.Debug|Any CPU.ActiveCfg = Debug|Any CPU
		{39DAF9DD-0027-43C2-8ADA-32F0895F7ECF}.Debug|Any CPU.Build.0 = Debug|Any CPU
		{39DAF9DD-0027-43C2-8ADA-32F0895F7ECF}.Release|Any CPU.ActiveCfg = Release|Any CPU
		{39DAF9DD-0027-43C2-8ADA-32F0895F7ECF}.Release|Any CPU.Build.0 = Release|Any CPU
	EndGlobalSection
	GlobalSection(SolutionProperties) = preSolution
		HideSolutionNode = FALSE
	EndGlobalSection
	GlobalSection(ExtensibilityGlobals) = postSolution
		SolutionGuid = {3C18A9B4-758E-43FC-A4BD-E5367D8D2C12}
	EndGlobalSection
EndGlobal
